
Microsoft Visual Studio Solution File, Format Version 12.00
# Visual Studio 2012
Project("{FAE04EC0-301F-11D3-BF4B-00C04F79EFBC}") = "TimeControl", "TimeControl\TimeControl.csproj", "{B59C43C9-3D50-47C1-8F5A-6B708E52B44D}"
EndProject
Project("{FAE04EC0-301F-11D3-BF4B-00C04F79EFBC}") = "ShotDetection", "VideoEditor\VideoEditor\ShotDetection.csproj", "{B6FC9368-25DC-4276-A7D0-AC11E8EA0649}"
EndProject
Project("{FAE04EC0-301F-11D3-BF4B-00C04F79EFBC}") = "TvArchiving.Domain", "TvArchiving.Domain\TvArchiving.Domain.csproj", "{D7A1DD29-C0AC-4B16-9E17-146A292971EE}"
EndProject
Project("{FAE04EC0-301F-11D3-BF4B-00C04F79EFBC}") = "TvArchiving.DAL", "TvArchiving.DAL\TvArchiving.DAL.csproj", "{FF7B181B-76B1-476A-9232-6AA99F206D51}"
EndProject
Global
	GlobalSection(SolutionConfigurationPlatforms) = preSolution
		Debug|Any CPU = Debug|Any CPU
		Release|Any CPU = Release|Any CPU
	EndGlobalSection
	GlobalSection(ProjectConfigurationPlatforms) = postSolution
		{B59C43C9-3D50-47C1-8F5A-6B708E52B44D}.Debug|Any CPU.ActiveCfg = Debug|Any CPU
		{B59C43C9-3D50-47C1-8F5A-6B708E52B44D}.Debug|Any CPU.Build.0 = Debug|Any CPU
		{B59C43C9-3D50-47C1-8F5A-6B708E52B44D}.Release|Any CPU.ActiveCfg = Release|Any CPU
		{B59C43C9-3D50-47C1-8F5A-6B708E52B44D}.Release|Any CPU.Build.0 = Release|Any CPU
		{B6FC9368-25DC-4276-A7D0-AC11E8EA0649}.Debug|Any CPU.ActiveCfg = Debug|Any CPU
		{B6FC9368-25DC-4276-A7D0-AC11E8EA0649}.Debug|Any CPU.Build.0 = Debug|Any CPU
		{B6FC9368-25DC-4276-A7D0-AC11E8EA0649}.Release|Any CPU.ActiveCfg = Release|Any CPU
		{B6FC9368-25DC-4276-A7D0-AC11E8EA0649}.Release|Any CPU.Build.0 = Release|Any CPU
		{D7A1DD29-C0AC-4B16-9E17-146A292971EE}.Debug|Any CPU.ActiveCfg = Debug|Any CPU
		{D7A1DD29-C0AC-4B16-9E17-146A292971EE}.Debug|Any CPU.Build.0 = Debug|Any CPU
		{D7A1DD29-C0AC-4B16-9E17-146A292971EE}.Release|Any CPU.ActiveCfg = Release|Any CPU
		{D7A1DD29-C0AC-4B16-9E17-146A292971EE}.Release|Any CPU.Build.0 = Release|Any CPU
		{FF7B181B-76B1-476A-9232-6AA99F206D51}.Debug|Any CPU.ActiveCfg = Debug|Any CPU
		{FF7B181B-76B1-476A-9232-6AA99F206D51}.Debug|Any CPU.Build.0 = Debug|Any CPU
		{FF7B181B-76B1-476A-9232-6AA99F206D51}.Release|Any CPU.ActiveCfg = Release|Any CPU
		{FF7B181B-76B1-476A-9232-6AA99F206D51}.Release|Any CPU.Build.0 = Release|Any CPU
	EndGlobalSection
	GlobalSection(SolutionProperties) = preSolution
		HideSolutionNode = FALSE
	EndGlobalSection
EndGlobal
